// !$*UTF8*$!
{
	archiveVersion = 1;
	classes = {
	};
	objectVersion = 55;
	objects = {

/* Begin PBXBuildFile section */
		B48E39952749728C0094A24F /* opiCallApp.swift in Sources */ = {isa = PBXBuildFile; fileRef = B48E39852749728C0094A24F /* opiCallApp.swift */; };
		B48E39962749728C0094A24F /* opiCallApp.swift in Sources */ = {isa = PBXBuildFile; fileRef = B48E39852749728C0094A24F /* opiCallApp.swift */; };
		B48E39972749728C0094A24F /* ContentView.swift in Sources */ = {isa = PBXBuildFile; fileRef = B48E39862749728C0094A24F /* ContentView.swift */; };
		B48E39982749728C0094A24F /* ContentView.swift in Sources */ = {isa = PBXBuildFile; fileRef = B48E39862749728C0094A24F /* ContentView.swift */; };
		B48E39992749728C0094A24F /* Assets.xcassets in Resources */ = {isa = PBXBuildFile; fileRef = B48E39872749728C0094A24F /* Assets.xcassets */; };
		B48E399A2749728C0094A24F /* Assets.xcassets in Resources */ = {isa = PBXBuildFile; fileRef = B48E39872749728C0094A24F /* Assets.xcassets */; };
		B48E39A5274976CF0094A24F /* MainView.swift in Sources */ = {isa = PBXBuildFile; fileRef = B48E39A4274976CF0094A24F /* MainView.swift */; };
		B48E39A6274976CF0094A24F /* MainView.swift in Sources */ = {isa = PBXBuildFile; fileRef = B48E39A4274976CF0094A24F /* MainView.swift */; };
		B48E39A8274976E20094A24F /* OnBoardingView.swift in Sources */ = {isa = PBXBuildFile; fileRef = B48E39A7274976E20094A24F /* OnBoardingView.swift */; };
		B48E39A9274976E20094A24F /* OnBoardingView.swift in Sources */ = {isa = PBXBuildFile; fileRef = B48E39A7274976E20094A24F /* OnBoardingView.swift */; };
		B48E39B2274978650094A24F /* AppStorageEntity.swift in Sources */ = {isa = PBXBuildFile; fileRef = B48E39B1274978650094A24F /* AppStorageEntity.swift */; };
		B48E39B5274979E90094A24F /* GoogleService-Info.plist in Resources */ = {isa = PBXBuildFile; fileRef = B48E39B4274979E90094A24F /* GoogleService-Info.plist */; };
		B48E39B6274979E90094A24F /* GoogleService-Info.plist in Resources */ = {isa = PBXBuildFile; fileRef = B48E39B4274979E90094A24F /* GoogleService-Info.plist */; };
		B48E39B927497CB70094A24F /* Constants.swift in Sources */ = {isa = PBXBuildFile; fileRef = B48E39B827497CB70094A24F /* Constants.swift */; };
		B48E39BC27497D620094A24F /* CommonViews.swift in Sources */ = {isa = PBXBuildFile; fileRef = B48E39BB27497D620094A24F /* CommonViews.swift */; };
		B48E39BE2749836E0094A24F /* OnBoardingViewModel.swift in Sources */ = {isa = PBXBuildFile; fileRef = B48E39BD2749836E0094A24F /* OnBoardingViewModel.swift */; };
		B48E39C02749A02A0094A24F /* SessionService.swift in Sources */ = {isa = PBXBuildFile; fileRef = B48E39BF2749A02A0094A24F /* SessionService.swift */; };
		B48E39C22749ACBE0094A24F /* SessionView.swift in Sources */ = {isa = PBXBuildFile; fileRef = B48E39C12749ACBE0094A24F /* SessionView.swift */; };
		B48E39C62749DF600094A24F /* ProfileView.swift in Sources */ = {isa = PBXBuildFile; fileRef = B48E39C52749DF600094A24F /* ProfileView.swift */; };
		B48E39C82749DF790094A24F /* HomeView.swift in Sources */ = {isa = PBXBuildFile; fileRef = B48E39C72749DF790094A24F /* HomeView.swift */; };
		B48E39CA2749F70E0094A24F /* NetworkService.swift in Sources */ = {isa = PBXBuildFile; fileRef = B48E39C92749F70E0094A24F /* NetworkService.swift */; };
		B48E39CE2749F7440094A24F /* UserModel.swift in Sources */ = {isa = PBXBuildFile; fileRef = B48E39CD2749F7440094A24F /* UserModel.swift */; };
		B48E39D02749F8C80094A24F /* Firestore.swift in Sources */ = {isa = PBXBuildFile; fileRef = B48E39CF2749F8C80094A24F /* Firestore.swift */; };
		B48E39D2274A56850094A24F /* alert.mp3 in Resources */ = {isa = PBXBuildFile; fileRef = B48E39D1274A56850094A24F /* alert.mp3 */; };
		B48E39D4274A64320094A24F /* AppIcon.png in Resources */ = {isa = PBXBuildFile; fileRef = B48E39D3274A64320094A24F /* AppIcon.png */; };
		E242CE6DB6B4CD9A3D094DCB /* Pods_opiCall__iOS_.framework in Frameworks */ = {isa = PBXBuildFile; fileRef = 3903A54F1BD3A8C5F08E5A8F /* Pods_opiCall__iOS_.framework */; };
		EDAAC5A8AB33D5AE068E60D9 /* Pods_opiCall__macOS_.framework in Frameworks */ = {isa = PBXBuildFile; fileRef = BAF527B5F1082E7052FE12FE /* Pods_opiCall__macOS_.framework */; };
/* End PBXBuildFile section */

/* Begin PBXFileReference section */
		3903A54F1BD3A8C5F08E5A8F /* Pods_opiCall__iOS_.framework */ = {isa = PBXFileReference; explicitFileType = wrapper.framework; includeInIndex = 0; path = Pods_opiCall__iOS_.framework; sourceTree = BUILT_PRODUCTS_DIR; };
		532ACB7E306C158153BE467A /* Pods-opiCall (macOS).release.xcconfig */ = {isa = PBXFileReference; includeInIndex = 1; lastKnownFileType = text.xcconfig; name = "Pods-opiCall (macOS).release.xcconfig"; path = "Target Support Files/Pods-opiCall (macOS)/Pods-opiCall (macOS).release.xcconfig"; sourceTree = "<group>"; };
		6B9FF0F11900DE9AB4805E69 /* Pods-opiCall (iOS).debug.xcconfig */ = {isa = PBXFileReference; includeInIndex = 1; lastKnownFileType = text.xcconfig; name = "Pods-opiCall (iOS).debug.xcconfig"; path = "Target Support Files/Pods-opiCall (iOS)/Pods-opiCall (iOS).debug.xcconfig"; sourceTree = "<group>"; };
		76814FD4D5EDEF71E3C6F29E /* Pods-opiCall (iOS).release.xcconfig */ = {isa = PBXFileReference; includeInIndex = 1; lastKnownFileType = text.xcconfig; name = "Pods-opiCall (iOS).release.xcconfig"; path = "Target Support Files/Pods-opiCall (iOS)/Pods-opiCall (iOS).release.xcconfig"; sourceTree = "<group>"; };
		783686BA9D39D11EDD5A805B /* Pods-opiCall (macOS).debug.xcconfig */ = {isa = PBXFileReference; includeInIndex = 1; lastKnownFileType = text.xcconfig; name = "Pods-opiCall (macOS).debug.xcconfig"; path = "Target Support Files/Pods-opiCall (macOS)/Pods-opiCall (macOS).debug.xcconfig"; sourceTree = "<group>"; };
		B48E39852749728C0094A24F /* opiCallApp.swift */ = {isa = PBXFileReference; lastKnownFileType = sourcecode.swift; path = opiCallApp.swift; sourceTree = "<group>"; };
		B48E39862749728C0094A24F /* ContentView.swift */ = {isa = PBXFileReference; lastKnownFileType = sourcecode.swift; path = ContentView.swift; sourceTree = "<group>"; };
		B48E39872749728C0094A24F /* Assets.xcassets */ = {isa = PBXFileReference; lastKnownFileType = folder.assetcatalog; path = Assets.xcassets; sourceTree = "<group>"; };
		B48E398C2749728C0094A24F /* opiCall.app */ = {isa = PBXFileReference; explicitFileType = wrapper.application; includeInIndex = 0; path = opiCall.app; sourceTree = BUILT_PRODUCTS_DIR; };
		B48E39922749728C0094A24F /* opiCall.app */ = {isa = PBXFileReference; explicitFileType = wrapper.application; includeInIndex = 0; path = opiCall.app; sourceTree = BUILT_PRODUCTS_DIR; };
		B48E39942749728C0094A24F /* macOS.entitlements */ = {isa = PBXFileReference; lastKnownFileType = text.plist.entitlements; path = macOS.entitlements; sourceTree = "<group>"; };
		B48E39A4274976CF0094A24F /* MainView.swift */ = {isa = PBXFileReference; lastKnownFileType = sourcecode.swift; path = MainView.swift; sourceTree = "<group>"; };
		B48E39A7274976E20094A24F /* OnBoardingView.swift */ = {isa = PBXFileReference; lastKnownFileType = sourcecode.swift; path = OnBoardingView.swift; sourceTree = "<group>"; };
		B48E39B1274978650094A24F /* AppStorageEntity.swift */ = {isa = PBXFileReference; lastKnownFileType = sourcecode.swift; path = AppStorageEntity.swift; sourceTree = "<group>"; };
		B48E39B4274979E90094A24F /* GoogleService-Info.plist */ = {isa = PBXFileReference; fileEncoding = 4; lastKnownFileType = text.plist.xml; name = "GoogleService-Info.plist"; path = "../../../../../../Downloads/GoogleService-Info.plist"; sourceTree = "<group>"; };
		B48E39B827497CB70094A24F /* Constants.swift */ = {isa = PBXFileReference; lastKnownFileType = sourcecode.swift; path = Constants.swift; sourceTree = "<group>"; };
		B48E39BB27497D620094A24F /* CommonViews.swift */ = {isa = PBXFileReference; lastKnownFileType = sourcecode.swift; path = CommonViews.swift; sourceTree = "<group>"; };
		B48E39BD2749836E0094A24F /* OnBoardingViewModel.swift */ = {isa = PBXFileReference; lastKnownFileType = sourcecode.swift; path = OnBoardingViewModel.swift; sourceTree = "<group>"; };
		B48E39BF2749A02A0094A24F /* SessionService.swift */ = {isa = PBXFileReference; lastKnownFileType = sourcecode.swift; path = SessionService.swift; sourceTree = "<group>"; };
		B48E39C12749ACBE0094A24F /* SessionView.swift */ = {isa = PBXFileReference; lastKnownFileType = sourcecode.swift; path = SessionView.swift; sourceTree = "<group>"; };
		B48E39C52749DF600094A24F /* ProfileView.swift */ = {isa = PBXFileReference; lastKnownFileType = sourcecode.swift; path = ProfileView.swift; sourceTree = "<group>"; };
		B48E39C72749DF790094A24F /* HomeView.swift */ = {isa = PBXFileReference; lastKnownFileType = sourcecode.swift; path = HomeView.swift; sourceTree = "<group>"; };
		B48E39C92749F70E0094A24F /* NetworkService.swift */ = {isa = PBXFileReference; lastKnownFileType = sourcecode.swift; path = NetworkService.swift; sourceTree = "<group>"; };
		B48E39CD2749F7440094A24F /* UserModel.swift */ = {isa = PBXFileReference; lastKnownFileType = sourcecode.swift; path = UserModel.swift; sourceTree = "<group>"; };
		B48E39CF2749F8C80094A24F /* Firestore.swift */ = {isa = PBXFileReference; lastKnownFileType = sourcecode.swift; path = Firestore.swift; sourceTree = "<group>"; };
		B48E39D1274A56850094A24F /* alert.mp3 */ = {isa = PBXFileReference; lastKnownFileType = audio.mp3; name = alert.mp3; path = ../../../../../../Downloads/alert.mp3; sourceTree = "<group>"; };
		B48E39D3274A64320094A24F /* AppIcon.png */ = {isa = PBXFileReference; lastKnownFileType = image.png; name = AppIcon.png; path = ../../../../../../Downloads/AppIcon.png; sourceTree = "<group>"; };
		BAF527B5F1082E7052FE12FE /* Pods_opiCall__macOS_.framework */ = {isa = PBXFileReference; explicitFileType = wrapper.framework; includeInIndex = 0; path = Pods_opiCall__macOS_.framework; sourceTree = BUILT_PRODUCTS_DIR; };
/* End PBXFileReference section */

/* Begin PBXFrameworksBuildPhase section */
		B48E39892749728C0094A24F /* Frameworks */ = {
			isa = PBXFrameworksBuildPhase;
			buildActionMask = 2147483647;
			files = (
				E242CE6DB6B4CD9A3D094DCB /* Pods_opiCall__iOS_.framework in Frameworks */,
			);
			runOnlyForDeploymentPostprocessing = 0;
		};
		B48E398F2749728C0094A24F /* Frameworks */ = {
			isa = PBXFrameworksBuildPhase;
			buildActionMask = 2147483647;
			files = (
				EDAAC5A8AB33D5AE068E60D9 /* Pods_opiCall__macOS_.framework in Frameworks */,
			);
			runOnlyForDeploymentPostprocessing = 0;
		};
/* End PBXFrameworksBuildPhase section */

/* Begin PBXGroup section */
		10DD84D9AB8927E77E396A13 /* Frameworks */ = {
			isa = PBXGroup;
			children = (
				3903A54F1BD3A8C5F08E5A8F /* Pods_opiCall__iOS_.framework */,
				BAF527B5F1082E7052FE12FE /* Pods_opiCall__macOS_.framework */,
			);
			name = Frameworks;
			sourceTree = "<group>";
		};
		17CD936C5FC1E82F6CEE78BB /* Pods */ = {
			isa = PBXGroup;
			children = (
				6B9FF0F11900DE9AB4805E69 /* Pods-opiCall (iOS).debug.xcconfig */,
				76814FD4D5EDEF71E3C6F29E /* Pods-opiCall (iOS).release.xcconfig */,
				783686BA9D39D11EDD5A805B /* Pods-opiCall (macOS).debug.xcconfig */,
				532ACB7E306C158153BE467A /* Pods-opiCall (macOS).release.xcconfig */,
			);
			path = Pods;
			sourceTree = "<group>";
		};
		B48E397F2749728C0094A24F = {
			isa = PBXGroup;
			children = (
				B48E39842749728C0094A24F /* Shared */,
				B48E39932749728C0094A24F /* macOS */,
				B48E398D2749728C0094A24F /* Products */,
				17CD936C5FC1E82F6CEE78BB /* Pods */,
				10DD84D9AB8927E77E396A13 /* Frameworks */,
			);
			sourceTree = "<group>";
		};
		B48E39842749728C0094A24F /* Shared */ = {
			isa = PBXGroup;
			children = (
				B48E39D3274A64320094A24F /* AppIcon.png */,
				B48E39D1274A56850094A24F /* alert.mp3 */,
				B48E39B727497CAE0094A24F /* Constants */,
				B48E39CB2749F7260094A24F /* Domain */,
				B48E39AB2749782F0094A24F /* Data */,
				B48E39AA2749780F0094A24F /* Presentation */,
				B48E39872749728C0094A24F /* Assets.xcassets */,
				B48E39B4274979E90094A24F /* GoogleService-Info.plist */,
			);
			path = Shared;
			sourceTree = "<group>";
		};
		B48E398D2749728C0094A24F /* Products */ = {
			isa = PBXGroup;
			children = (
				B48E398C2749728C0094A24F /* opiCall.app */,
				B48E39922749728C0094A24F /* opiCall.app */,
			);
			name = Products;
			sourceTree = "<group>";
		};
		B48E39932749728C0094A24F /* macOS */ = {
			isa = PBXGroup;
			children = (
				B48E39942749728C0094A24F /* macOS.entitlements */,
			);
			path = macOS;
			sourceTree = "<group>";
		};
		B48E39A3274976100094A24F /* OnBoarding */ = {
			isa = PBXGroup;
			children = (
				B48E39A7274976E20094A24F /* OnBoardingView.swift */,
				B48E39BD2749836E0094A24F /* OnBoardingViewModel.swift */,
			);
			path = OnBoarding;
			sourceTree = "<group>";
		};
		B48E39AA2749780F0094A24F /* Presentation */ = {
			isa = PBXGroup;
			children = (
				B48E39BA27497D570094A24F /* Common */,
				B48E39852749728C0094A24F /* opiCallApp.swift */,
				B48E39862749728C0094A24F /* ContentView.swift */,
				B48E39A3274976100094A24F /* OnBoarding */,
				B48E39A4274976CF0094A24F /* MainView.swift */,
				B48E39C72749DF790094A24F /* HomeView.swift */,
				B48E39C12749ACBE0094A24F /* SessionView.swift */,
				B48E39C52749DF600094A24F /* ProfileView.swift */,
			);
			path = Presentation;
			sourceTree = "<group>";
		};
		B48E39AB2749782F0094A24F /* Data */ = {
			isa = PBXGroup;
			children = (
				B48E39BF2749A02A0094A24F /* SessionService.swift */,
				B48E39C92749F70E0094A24F /* NetworkService.swift */,
				B48E39AC274978360094A24F /* Repository */,
				B48E39AD2749783D0094A24F /* Sources */,
			);
			path = Data;
			sourceTree = "<group>";
		};
		B48E39AC274978360094A24F /* Repository */ = {
			isa = PBXGroup;
			children = (
				B48E39CF2749F8C80094A24F /* Firestore.swift */,
			);
			path = Repository;
			sourceTree = "<group>";
		};
		B48E39AD2749783D0094A24F /* Sources */ = {
			isa = PBXGroup;
			children = (
			);
			path = Sources;
			sourceTree = "<group>";
		};
		B48E39B727497CAE0094A24F /* Constants */ = {
			isa = PBXGroup;
			children = (
				B48E39B827497CB70094A24F /* Constants.swift */,
				B48E39B1274978650094A24F /* AppStorageEntity.swift */,
			);
			path = Constants;
			sourceTree = "<group>";
		};
		B48E39BA27497D570094A24F /* Common */ = {
			isa = PBXGroup;
			children = (
				B48E39BB27497D620094A24F /* CommonViews.swift */,
			);
			path = Common;
			sourceTree = "<group>";
		};
		B48E39CB2749F7260094A24F /* Domain */ = {
			isa = PBXGroup;
			children = (
				B48E39CD2749F7440094A24F /* UserModel.swift */,
			);
			path = Domain;
			sourceTree = "<group>";
		};
/* End PBXGroup section */

/* Begin PBXNativeTarget section */
		B48E398B2749728C0094A24F /* opiCall (iOS) */ = {
			isa = PBXNativeTarget;
			buildConfigurationList = B48E399D2749728C0094A24F /* Build configuration list for PBXNativeTarget "opiCall (iOS)" */;
			buildPhases = (
				881674A294825B802C1A7D01 /* [CP] Check Pods Manifest.lock */,
				B48E39882749728C0094A24F /* Sources */,
				B48E39892749728C0094A24F /* Frameworks */,
				B48E398A2749728C0094A24F /* Resources */,
				439F0B8253CB0FFC57F4E8A9 /* [CP] Embed Pods Frameworks */,
			);
			buildRules = (
			);
			dependencies = (
			);
			name = "opiCall (iOS)";
			productName = "opiCall (iOS)";
			productReference = B48E398C2749728C0094A24F /* opiCall.app */;
			productType = "com.apple.product-type.application";
		};
		B48E39912749728C0094A24F /* opiCall (macOS) */ = {
			isa = PBXNativeTarget;
			buildConfigurationList = B48E39A02749728C0094A24F /* Build configuration list for PBXNativeTarget "opiCall (macOS)" */;
			buildPhases = (
				8C333B529DC70708F40E8710 /* [CP] Check Pods Manifest.lock */,
				B48E398E2749728C0094A24F /* Sources */,
				B48E398F2749728C0094A24F /* Frameworks */,
				B48E39902749728C0094A24F /* Resources */,
			);
			buildRules = (
			);
			dependencies = (
			);
			name = "opiCall (macOS)";
			productName = "opiCall (macOS)";
			productReference = B48E39922749728C0094A24F /* opiCall.app */;
			productType = "com.apple.product-type.application";
		};
/* End PBXNativeTarget section */

/* Begin PBXProject section */
		B48E39802749728C0094A24F /* Project object */ = {
			isa = PBXProject;
			attributes = {
				BuildIndependentTargetsInParallel = 1;
				LastSwiftUpdateCheck = 1310;
				LastUpgradeCheck = 1310;
				TargetAttributes = {
					B48E398B2749728C0094A24F = {
						CreatedOnToolsVersion = 13.1;
					};
					B48E39912749728C0094A24F = {
						CreatedOnToolsVersion = 13.1;
					};
				};
			};
			buildConfigurationList = B48E39832749728C0094A24F /* Build configuration list for PBXProject "opiCall" */;
			compatibilityVersion = "Xcode 13.0";
			developmentRegion = en;
			hasScannedForEncodings = 0;
			knownRegions = (
				en,
				Base,
			);
			mainGroup = B48E397F2749728C0094A24F;
			productRefGroup = B48E398D2749728C0094A24F /* Products */;
			projectDirPath = "";
			projectRoot = "";
			targets = (
				B48E398B2749728C0094A24F /* opiCall (iOS) */,
				B48E39912749728C0094A24F /* opiCall (macOS) */,
			);
		};
/* End PBXProject section */

/* Begin PBXResourcesBuildPhase section */
		B48E398A2749728C0094A24F /* Resources */ = {
			isa = PBXResourcesBuildPhase;
			buildActionMask = 2147483647;
			files = (
				B48E39D4274A64320094A24F /* AppIcon.png in Resources */,
				B48E39992749728C0094A24F /* Assets.xcassets in Resources */,
				B48E39B5274979E90094A24F /* GoogleService-Info.plist in Resources */,
				B48E39D2274A56850094A24F /* alert.mp3 in Resources */,
			);
			runOnlyForDeploymentPostprocessing = 0;
		};
		B48E39902749728C0094A24F /* Resources */ = {
			isa = PBXResourcesBuildPhase;
			buildActionMask = 2147483647;
			files = (
				B48E399A2749728C0094A24F /* Assets.xcassets in Resources */,
				B48E39B6274979E90094A24F /* GoogleService-Info.plist in Resources */,
			);
			runOnlyForDeploymentPostprocessing = 0;
		};
/* End PBXResourcesBuildPhase section */

/* Begin PBXShellScriptBuildPhase section */
		439F0B8253CB0FFC57F4E8A9 /* [CP] Embed Pods Frameworks */ = {
			isa = PBXShellScriptBuildPhase;
			buildActionMask = 2147483647;
			files = (
			);
			inputFileListPaths = (
				"${PODS_ROOT}/Target Support Files/Pods-opiCall (iOS)/Pods-opiCall (iOS)-frameworks-${CONFIGURATION}-input-files.xcfilelist",
			);
			name = "[CP] Embed Pods Frameworks";
			outputFileListPaths = (
				"${PODS_ROOT}/Target Support Files/Pods-opiCall (iOS)/Pods-opiCall (iOS)-frameworks-${CONFIGURATION}-output-files.xcfilelist",
			);
			runOnlyForDeploymentPostprocessing = 0;
			shellPath = /bin/sh;
			shellScript = "\"${PODS_ROOT}/Target Support Files/Pods-opiCall (iOS)/Pods-opiCall (iOS)-frameworks.sh\"\n";
			showEnvVarsInLog = 0;
		};
		881674A294825B802C1A7D01 /* [CP] Check Pods Manifest.lock */ = {
			isa = PBXShellScriptBuildPhase;
			buildActionMask = 2147483647;
			files = (
			);
			inputFileListPaths = (
			);
			inputPaths = (
				"${PODS_PODFILE_DIR_PATH}/Podfile.lock",
				"${PODS_ROOT}/Manifest.lock",
			);
			name = "[CP] Check Pods Manifest.lock";
			outputFileListPaths = (
			);
			outputPaths = (
				"$(DERIVED_FILE_DIR)/Pods-opiCall (iOS)-checkManifestLockResult.txt",
			);
			runOnlyForDeploymentPostprocessing = 0;
			shellPath = /bin/sh;
			shellScript = "diff \"${PODS_PODFILE_DIR_PATH}/Podfile.lock\" \"${PODS_ROOT}/Manifest.lock\" > /dev/null\nif [ $? != 0 ] ; then\n    # print error to STDERR\n    echo \"error: The sandbox is not in sync with the Podfile.lock. Run 'pod install' or update your CocoaPods installation.\" >&2\n    exit 1\nfi\n# This output is used by Xcode 'outputs' to avoid re-running this script phase.\necho \"SUCCESS\" > \"${SCRIPT_OUTPUT_FILE_0}\"\n";
			showEnvVarsInLog = 0;
		};
		8C333B529DC70708F40E8710 /* [CP] Check Pods Manifest.lock */ = {
			isa = PBXShellScriptBuildPhase;
			buildActionMask = 2147483647;
			files = (
			);
			inputFileListPaths = (
			);
			inputPaths = (
				"${PODS_PODFILE_DIR_PATH}/Podfile.lock",
				"${PODS_ROOT}/Manifest.lock",
			);
			name = "[CP] Check Pods Manifest.lock";
			outputFileListPaths = (
			);
			outputPaths = (
				"$(DERIVED_FILE_DIR)/Pods-opiCall (macOS)-checkManifestLockResult.txt",
			);
			runOnlyForDeploymentPostprocessing = 0;
			shellPath = /bin/sh;
			shellScript = "diff \"${PODS_PODFILE_DIR_PATH}/Podfile.lock\" \"${PODS_ROOT}/Manifest.lock\" > /dev/null\nif [ $? != 0 ] ; then\n    # print error to STDERR\n    echo \"error: The sandbox is not in sync with the Podfile.lock. Run 'pod install' or update your CocoaPods installation.\" >&2\n    exit 1\nfi\n# This output is used by Xcode 'outputs' to avoid re-running this script phase.\necho \"SUCCESS\" > \"${SCRIPT_OUTPUT_FILE_0}\"\n";
			showEnvVarsInLog = 0;
		};
/* End PBXShellScriptBuildPhase section */

/* Begin PBXSourcesBuildPhase section */
		B48E39882749728C0094A24F /* Sources */ = {
			isa = PBXSourcesBuildPhase;
			buildActionMask = 2147483647;
			files = (
				B48E39972749728C0094A24F /* ContentView.swift in Sources */,
				B48E39C22749ACBE0094A24F /* SessionView.swift in Sources */,
				B48E39BC27497D620094A24F /* CommonViews.swift in Sources */,
				B48E39C02749A02A0094A24F /* SessionService.swift in Sources */,
				B48E39A8274976E20094A24F /* OnBoardingView.swift in Sources */,
				B48E39BE2749836E0094A24F /* OnBoardingViewModel.swift in Sources */,
				B48E39A5274976CF0094A24F /* MainView.swift in Sources */,
				B48E39B2274978650094A24F /* AppStorageEntity.swift in Sources */,
				B48E39CE2749F7440094A24F /* UserModel.swift in Sources */,
				B48E39952749728C0094A24F /* opiCallApp.swift in Sources */,
				B48E39C82749DF790094A24F /* HomeView.swift in Sources */,
				B48E39C62749DF600094A24F /* ProfileView.swift in Sources */,
				B48E39CA2749F70E0094A24F /* NetworkService.swift in Sources */,
				B48E39B927497CB70094A24F /* Constants.swift in Sources */,
				B48E39D02749F8C80094A24F /* Firestore.swift in Sources */,
			);
			runOnlyForDeploymentPostprocessing = 0;
		};
		B48E398E2749728C0094A24F /* Sources */ = {
			isa = PBXSourcesBuildPhase;
			buildActionMask = 2147483647;
			files = (
				B48E39982749728C0094A24F /* ContentView.swift in Sources */,
				B48E39A9274976E20094A24F /* OnBoardingView.swift in Sources */,
				B48E39A6274976CF0094A24F /* MainView.swift in Sources */,
				B48E39962749728C0094A24F /* opiCallApp.swift in Sources */,
			);
			runOnlyForDeploymentPostprocessing = 0;
		};
/* End PBXSourcesBuildPhase section */

/* Begin XCBuildConfiguration section */
		B48E399B2749728C0094A24F /* Debug */ = {
			isa = XCBuildConfiguration;
			buildSettings = {
				ALWAYS_SEARCH_USER_PATHS = NO;
				CLANG_ANALYZER_NONNULL = YES;
				CLANG_ANALYZER_NUMBER_OBJECT_CONVERSION = YES_AGGRESSIVE;
				CLANG_CXX_LANGUAGE_STANDARD = "gnu++17";
				CLANG_CXX_LIBRARY = "libc++";
				CLANG_ENABLE_MODULES = YES;
				CLANG_ENABLE_OBJC_ARC = YES;
				CLANG_ENABLE_OBJC_WEAK = YES;
				CLANG_WARN_BLOCK_CAPTURE_AUTORELEASING = YES;
				CLANG_WARN_BOOL_CONVERSION = YES;
				CLANG_WARN_COMMA = YES;
				CLANG_WARN_CONSTANT_CONVERSION = YES;
				CLANG_WARN_DEPRECATED_OBJC_IMPLEMENTATIONS = YES;
				CLANG_WARN_DIRECT_OBJC_ISA_USAGE = YES_ERROR;
				CLANG_WARN_DOCUMENTATION_COMMENTS = YES;
				CLANG_WARN_EMPTY_BODY = YES;
				CLANG_WARN_ENUM_CONVERSION = YES;
				CLANG_WARN_INFINITE_RECURSION = YES;
				CLANG_WARN_INT_CONVERSION = YES;
				CLANG_WARN_NON_LITERAL_NULL_CONVERSION = YES;
				CLANG_WARN_OBJC_IMPLICIT_RETAIN_SELF = YES;
				CLANG_WARN_OBJC_LITERAL_CONVERSION = YES;
				CLANG_WARN_OBJC_ROOT_CLASS = YES_ERROR;
				CLANG_WARN_QUOTED_INCLUDE_IN_FRAMEWORK_HEADER = YES;
				CLANG_WARN_RANGE_LOOP_ANALYSIS = YES;
				CLANG_WARN_STRICT_PROTOTYPES = YES;
				CLANG_WARN_SUSPICIOUS_MOVE = YES;
				CLANG_WARN_UNGUARDED_AVAILABILITY = YES_AGGRESSIVE;
				CLANG_WARN_UNREACHABLE_CODE = YES;
				CLANG_WARN__DUPLICATE_METHOD_MATCH = YES;
				COPY_PHASE_STRIP = NO;
				DEBUG_INFORMATION_FORMAT = dwarf;
				ENABLE_STRICT_OBJC_MSGSEND = YES;
				ENABLE_TESTABILITY = YES;
				GCC_C_LANGUAGE_STANDARD = gnu11;
				GCC_DYNAMIC_NO_PIC = NO;
				GCC_NO_COMMON_BLOCKS = YES;
				GCC_OPTIMIZATION_LEVEL = 0;
				GCC_PREPROCESSOR_DEFINITIONS = (
					"DEBUG=1",
					"$(inherited)",
				);
				GCC_WARN_64_TO_32_BIT_CONVERSION = YES;
				GCC_WARN_ABOUT_RETURN_TYPE = YES_ERROR;
				GCC_WARN_UNDECLARED_SELECTOR = YES;
				GCC_WARN_UNINITIALIZED_AUTOS = YES_AGGRESSIVE;
				GCC_WARN_UNUSED_FUNCTION = YES;
				GCC_WARN_UNUSED_VARIABLE = YES;
				MTL_ENABLE_DEBUG_INFO = INCLUDE_SOURCE;
				MTL_FAST_MATH = YES;
				ONLY_ACTIVE_ARCH = YES;
				SWIFT_ACTIVE_COMPILATION_CONDITIONS = DEBUG;
				SWIFT_OPTIMIZATION_LEVEL = "-Onone";
			};
			name = Debug;
		};
		B48E399C2749728C0094A24F /* Release */ = {
			isa = XCBuildConfiguration;
			buildSettings = {
				ALWAYS_SEARCH_USER_PATHS = NO;
				CLANG_ANALYZER_NONNULL = YES;
				CLANG_ANALYZER_NUMBER_OBJECT_CONVERSION = YES_AGGRESSIVE;
				CLANG_CXX_LANGUAGE_STANDARD = "gnu++17";
				CLANG_CXX_LIBRARY = "libc++";
				CLANG_ENABLE_MODULES = YES;
				CLANG_ENABLE_OBJC_ARC = YES;
				CLANG_ENABLE_OBJC_WEAK = YES;
				CLANG_WARN_BLOCK_CAPTURE_AUTORELEASING = YES;
				CLANG_WARN_BOOL_CONVERSION = YES;
				CLANG_WARN_COMMA = YES;
				CLANG_WARN_CONSTANT_CONVERSION = YES;
				CLANG_WARN_DEPRECATED_OBJC_IMPLEMENTATIONS = YES;
				CLANG_WARN_DIRECT_OBJC_ISA_USAGE = YES_ERROR;
				CLANG_WARN_DOCUMENTATION_COMMENTS = YES;
				CLANG_WARN_EMPTY_BODY = YES;
				CLANG_WARN_ENUM_CONVERSION = YES;
				CLANG_WARN_INFINITE_RECURSION = YES;
				CLANG_WARN_INT_CONVERSION = YES;
				CLANG_WARN_NON_LITERAL_NULL_CONVERSION = YES;
				CLANG_WARN_OBJC_IMPLICIT_RETAIN_SELF = YES;
				CLANG_WARN_OBJC_LITERAL_CONVERSION = YES;
				CLANG_WARN_OBJC_ROOT_CLASS = YES_ERROR;
				CLANG_WARN_QUOTED_INCLUDE_IN_FRAMEWORK_HEADER = YES;
				CLANG_WARN_RANGE_LOOP_ANALYSIS = YES;
				CLANG_WARN_STRICT_PROTOTYPES = YES;
				CLANG_WARN_SUSPICIOUS_MOVE = YES;
				CLANG_WARN_UNGUARDED_AVAILABILITY = YES_AGGRESSIVE;
				CLANG_WARN_UNREACHABLE_CODE = YES;
				CLANG_WARN__DUPLICATE_METHOD_MATCH = YES;
				COPY_PHASE_STRIP = NO;
				DEBUG_INFORMATION_FORMAT = "dwarf-with-dsym";
				ENABLE_NS_ASSERTIONS = NO;
				ENABLE_STRICT_OBJC_MSGSEND = YES;
				GCC_C_LANGUAGE_STANDARD = gnu11;
				GCC_NO_COMMON_BLOCKS = YES;
				GCC_WARN_64_TO_32_BIT_CONVERSION = YES;
				GCC_WARN_ABOUT_RETURN_TYPE = YES_ERROR;
				GCC_WARN_UNDECLARED_SELECTOR = YES;
				GCC_WARN_UNINITIALIZED_AUTOS = YES_AGGRESSIVE;
				GCC_WARN_UNUSED_FUNCTION = YES;
				GCC_WARN_UNUSED_VARIABLE = YES;
				MTL_ENABLE_DEBUG_INFO = NO;
				MTL_FAST_MATH = YES;
				SWIFT_COMPILATION_MODE = wholemodule;
				SWIFT_OPTIMIZATION_LEVEL = "-O";
			};
			name = Release;
		};
		B48E399E2749728C0094A24F /* Debug */ = {
			isa = XCBuildConfiguration;
			baseConfigurationReference = 6B9FF0F11900DE9AB4805E69 /* Pods-opiCall (iOS).debug.xcconfig */;
			buildSettings = {
				ASSETCATALOG_COMPILER_APPICON_NAME = AppIcon;
				ASSETCATALOG_COMPILER_GLOBAL_ACCENT_COLOR_NAME = AccentColor;
				CODE_SIGN_STYLE = Automatic;
				CURRENT_PROJECT_VERSION = 1;
				DEVELOPMENT_TEAM = 52M4J7JS38;
				ENABLE_PREVIEWS = YES;
				GENERATE_INFOPLIST_FILE = YES;
				INFOPLIST_FILE = "opiCall--iOS--Info.plist";
				INFOPLIST_KEY_NSLocationWhenInUseUsageDescription = "\"This app requires location\"";
				INFOPLIST_KEY_UIApplicationSceneManifest_Generation = YES;
				INFOPLIST_KEY_UIApplicationSupportsIndirectInputEvents = YES;
				INFOPLIST_KEY_UILaunchScreen_Generation = YES;
				INFOPLIST_KEY_UISupportedInterfaceOrientations_iPad = "UIInterfaceOrientationPortrait UIInterfaceOrientationPortraitUpsideDown UIInterfaceOrientationLandscapeLeft UIInterfaceOrientationLandscapeRight";
				INFOPLIST_KEY_UISupportedInterfaceOrientations_iPhone = "UIInterfaceOrientationPortrait UIInterfaceOrientationLandscapeLeft UIInterfaceOrientationLandscapeRight";
				IPHONEOS_DEPLOYMENT_TARGET = 15.0;
				LD_RUNPATH_SEARCH_PATHS = (
					"$(inherited)",
					"@executable_path/Frameworks",
				);
				MARKETING_VERSION = 1.0;
				PRODUCT_BUNDLE_IDENTIFIER = Looloo.opiCall;
				PRODUCT_NAME = opiCall;
				SDKROOT = iphoneos;
				SWIFT_EMIT_LOC_STRINGS = YES;
				SWIFT_VERSION = 5.0;
				TARGETED_DEVICE_FAMILY = "1,2";
			};
			name = Debug;
		};
		B48E399F2749728C0094A24F /* Release */ = {
			isa = XCBuildConfiguration;
			baseConfigurationReference = 76814FD4D5EDEF71E3C6F29E /* Pods-opiCall (iOS).release.xcconfig */;
			buildSettings = {
				ASSETCATALOG_COMPILER_APPICON_NAME = AppIcon;
				ASSETCATALOG_COMPILER_GLOBAL_ACCENT_COLOR_NAME = AccentColor;
				CODE_SIGN_STYLE = Automatic;
				CURRENT_PROJECT_VERSION = 1;
				DEVELOPMENT_TEAM = 52M4J7JS38;
				ENABLE_PREVIEWS = YES;
				GENERATE_INFOPLIST_FILE = YES;
				INFOPLIST_FILE = "opiCall--iOS--Info.plist";
				INFOPLIST_KEY_NSLocationWhenInUseUsageDescription = "\"This app requires location\"";
				INFOPLIST_KEY_UIApplicationSceneManifest_Generation = YES;
				INFOPLIST_KEY_UIApplicationSupportsIndirectInputEvents = YES;
				INFOPLIST_KEY_UILaunchScreen_Generation = YES;
				INFOPLIST_KEY_UISupportedInterfaceOrientations_iPad = "UIInterfaceOrientationPortrait UIInterfaceOrientationPortraitUpsideDown UIInterfaceOrientationLandscapeLeft UIInterfaceOrientationLandscapeRight";
				INFOPLIST_KEY_UISupportedInterfaceOrientations_iPhone = "UIInterfaceOrientationPortrait UIInterfaceOrientationLandscapeLeft UIInterfaceOrientationLandscapeRight";
				IPHONEOS_DEPLOYMENT_TARGET = 15.0;
				LD_RUNPATH_SEARCH_PATHS = (
					"$(inherited)",
					"@executable_path/Frameworks",
				);
				MARKETING_VERSION = 1.0;
				PRODUCT_BUNDLE_IDENTIFIER = Looloo.opiCall;
				PRODUCT_NAME = opiCall;
				SDKROOT = iphoneos;
				SWIFT_EMIT_LOC_STRINGS = YES;
				SWIFT_VERSION = 5.0;
				TARGETED_DEVICE_FAMILY = "1,2";
				VALIDATE_PRODUCT = YES;
			};
			name = Release;
		};
		B48E39A12749728C0094A24F /* Debug */ = {
			isa = XCBuildConfiguration;
			baseConfigurationReference = 783686BA9D39D11EDD5A805B /* Pods-opiCall (macOS).debug.xcconfig */;
			buildSettings = {
				ASSETCATALOG_COMPILER_APPICON_NAME = AppIcon;
				ASSETCATALOG_COMPILER_GLOBAL_ACCENT_COLOR_NAME = AccentColor;
				CODE_SIGN_ENTITLEMENTS = macOS/macOS.entitlements;
				CODE_SIGN_STYLE = Automatic;
				COMBINE_HIDPI_IMAGES = YES;
				CURRENT_PROJECT_VERSION = 1;
				ENABLE_PREVIEWS = YES;
				GENERATE_INFOPLIST_FILE = YES;
				INFOPLIST_KEY_NSHumanReadableCopyright = "";
				LD_RUNPATH_SEARCH_PATHS = (
					"$(inherited)",
					"@executable_path/../Frameworks",
				);
				MACOSX_DEPLOYMENT_TARGET = 12.0;
				MARKETING_VERSION = 1.0;
				PRODUCT_BUNDLE_IDENTIFIER = Looloo.opiCall;
				PRODUCT_NAME = opiCall;
				SDKROOT = macosx;
				SWIFT_EMIT_LOC_STRINGS = YES;
				SWIFT_VERSION = 5.0;
			};
			name = Debug;
		};
		B48E39A22749728C0094A24F /* Release */ = {
			isa = XCBuildConfiguration;
			baseConfigurationReference = 532ACB7E306C158153BE467A /* Pods-opiCall (macOS).release.xcconfig */;
			buildSettings = {
				ASSETCATALOG_COMPILER_APPICON_NAME = AppIcon;
				ASSETCATALOG_COMPILER_GLOBAL_ACCENT_COLOR_NAME = AccentColor;
				CODE_SIGN_ENTITLEMENTS = macOS/macOS.entitlements;
				CODE_SIGN_STYLE = Automatic;
				COMBINE_HIDPI_IMAGES = YES;
				CURRENT_PROJECT_VERSION = 1;
				ENABLE_PREVIEWS = YES;
				GENERATE_INFOPLIST_FILE = YES;
				INFOPLIST_KEY_NSHumanReadableCopyright = "";
				LD_RUNPATH_SEARCH_PATHS = (
					"$(inherited)",
					"@executable_path/../Frameworks",
				);
				MACOSX_DEPLOYMENT_TARGET = 12.0;
				MARKETING_VERSION = 1.0;
				PRODUCT_BUNDLE_IDENTIFIER = Looloo.opiCall;
				PRODUCT_NAME = opiCall;
				SDKROOT = macosx;
				SWIFT_EMIT_LOC_STRINGS = YES;
				SWIFT_VERSION = 5.0;
			};
			name = Release;
		};
/* End XCBuildConfiguration section */

/* Begin XCConfigurationList section */
		B48E39832749728C0094A24F /* Build configuration list for PBXProject "opiCall" */ = {
			isa = XCConfigurationList;
			buildConfigurations = (
				B48E399B2749728C0094A24F /* Debug */,
				B48E399C2749728C0094A24F /* Release */,
			);
			defaultConfigurationIsVisible = 0;
			defaultConfigurationName = Release;
		};
		B48E399D2749728C0094A24F /* Build configuration list for PBXNativeTarget "opiCall (iOS)" */ = {
			isa = XCConfigurationList;
			buildConfigurations = (
				B48E399E2749728C0094A24F /* Debug */,
				B48E399F2749728C0094A24F /* Release */,
			);
			defaultConfigurationIsVisible = 0;
			defaultConfigurationName = Release;
		};
		B48E39A02749728C0094A24F /* Build configuration list for PBXNativeTarget "opiCall (macOS)" */ = {
			isa = XCConfigurationList;
			buildConfigurations = (
				B48E39A12749728C0094A24F /* Debug */,
				B48E39A22749728C0094A24F /* Release */,
			);
			defaultConfigurationIsVisible = 0;
			defaultConfigurationName = Release;
		};
/* End XCConfigurationList section */
	};
	rootObject = B48E39802749728C0094A24F /* Project object */;
}
